
Microsoft Visual Studio Solution File, Format Version 11.00
# Visual Studio 2010
Project("{FAE04EC0-301F-11D3-BF4B-00C04F79EFBC}") = "MinecraftClient", "MinecraftClient\MinecraftClient.csproj", "{1E2FACE4-F5CA-4323-9641-740C6A551770}"
EndProject
Project("{FAE04EC0-301F-11D3-BF4B-00C04F79EFBC}") = "MinecraftClientGUI", "MinecraftClientGUI\MinecraftClientGUI.csproj", "{B9E600B3-C8F0-4BF8-85E1-C164956B0B0D}"
EndProject
Project("{FAE04EC0-301F-11D3-BF4B-00C04F79EFBC}") = "MincraftClientTests", "MincraftClientTests\MincraftClientTests.csproj", "{00FDAE29-1521-4D31-8514-A052E6E1BB77}"
EndProject
Project("{FAE04EC0-301F-11D3-BF4B-00C04F79EFBC}") = "MojangApi", "MojangApi\MojangApi.csproj", "{B04FAFBF-1548-4313-88D3-06F964D0F382}"
EndProject
Global
	GlobalSection(SolutionConfigurationPlatforms) = preSolution
		Debug|x86 = Debug|x86
		Release|x86 = Release|x86
	EndGlobalSection
	GlobalSection(ProjectConfigurationPlatforms) = postSolution
		{00FDAE29-1521-4D31-8514-A052E6E1BB77}.Debug|x86.ActiveCfg = Debug|Any CPU
		{00FDAE29-1521-4D31-8514-A052E6E1BB77}.Debug|x86.Build.0 = Debug|Any CPU
		{00FDAE29-1521-4D31-8514-A052E6E1BB77}.Release|x86.ActiveCfg = Release|Any CPU
		{00FDAE29-1521-4D31-8514-A052E6E1BB77}.Release|x86.Build.0 = Release|Any CPU
		{1E2FACE4-F5CA-4323-9641-740C6A551770}.Debug|x86.ActiveCfg = Debug|x86
		{1E2FACE4-F5CA-4323-9641-740C6A551770}.Debug|x86.Build.0 = Debug|x86
		{1E2FACE4-F5CA-4323-9641-740C6A551770}.Release|x86.ActiveCfg = Release|x86
		{1E2FACE4-F5CA-4323-9641-740C6A551770}.Release|x86.Build.0 = Release|x86
		{B04FAFBF-1548-4313-88D3-06F964D0F382}.Debug|x86.ActiveCfg = Debug|Any CPU
		{B04FAFBF-1548-4313-88D3-06F964D0F382}.Debug|x86.Build.0 = Debug|Any CPU
		{B04FAFBF-1548-4313-88D3-06F964D0F382}.Release|x86.ActiveCfg = Release|Any CPU
		{B04FAFBF-1548-4313-88D3-06F964D0F382}.Release|x86.Build.0 = Release|Any CPU
		{B9E600B3-C8F0-4BF8-85E1-C164956B0B0D}.Debug|x86.ActiveCfg = Debug|x86
		{B9E600B3-C8F0-4BF8-85E1-C164956B0B0D}.Debug|x86.Build.0 = Debug|x86
		{B9E600B3-C8F0-4BF8-85E1-C164956B0B0D}.Release|x86.ActiveCfg = Release|x86
		{B9E600B3-C8F0-4BF8-85E1-C164956B0B0D}.Release|x86.Build.0 = Release|x86
	EndGlobalSection
	GlobalSection(MonoDevelopProperties) = preSolution
		StartupItem = MinecraftClient\MinecraftClient.csproj
	EndGlobalSection
	GlobalSection(SolutionProperties) = preSolution
		HideSolutionNode = FALSE
	EndGlobalSection
EndGlobal
